{
  "requires": true,
  "lockfileVersion": 1,
  "dependencies": {
    "react-card-carousel": {
      "version": "1.1.3",
      "resolved": "https://registry.npmjs.org/react-card-carousel/-/react-card-carousel-1.1.3.tgz",
      "integrity": "sha512-iG3ob0rAZMCrNtvkGvQgOPwfYQ9//R977Sk3/WHpSl9dKn/bkLiTQj/Iyfw5/oKZYL+vvGIvWwu776JFXnTC+A=="
    }
  }
}
